
Microsoft Visual Studio Solution File, Format Version 12.00
# Visual Studio 15
VisualStudioVersion = 15.0.28307.705
MinimumVisualStudioVersion = 10.0.40219.1
Project("{888888A0-9F3D-457C-B088-3A5042F75D52}") = "DiceFinding", "DiceFinding\DiceFinding.pyproj", "{F7B81C06-8919-4CDC-95AC-9BF75C67D755}"
EndProject
Global
	GlobalSection(SolutionConfigurationPlatforms) = preSolution
		Debug|Any CPU = Debug|Any CPU
		Release|Any CPU = Release|Any CPU
	EndGlobalSection
	GlobalSection(ProjectConfigurationPlatforms) = postSolution
		{F7B81C06-8919-4CDC-95AC-9BF75C67D755}.Debug|Any CPU.ActiveCfg = Debug|Any CPU
		{F7B81C06-8919-4CDC-95AC-9BF75C67D755}.Release|Any CPU.ActiveCfg = Release|Any CPU
	EndGlobalSection
	GlobalSection(SolutionProperties) = preSolution
		HideSolutionNode = FALSE
	EndGlobalSection
	GlobalSection(ExtensibilityGlobals) = postSolution
		SolutionGuid = {1635A9CA-E4C5-4908-A741-588ACDEEC305}
	EndGlobalSection
EndGlobal
